# Runtime dependencies shipped in the production image. Refresh deliberately after dependency review.
boto3==1.43.98
celery[redis]==5.5.3
dj-database-url==3.0.1
django-cors-headers==4.9.0
django-storages[s3]==1.14.6
Django==5.2.7
djangorestframework==3.16.1
drf-spectacular==0.28.0
gunicorn==23.0.0
psycopg[binary]==3.2.10
python-json-logger==4.0.0
sentry-sdk[django]==2.42.1
